// !$*UTF8*$!
{
	archiveVersion = 1;
	classes = {
	};
	objectVersion = 50;
	objects = {

/* Begin PBXBuildFile section */
		532FE35F22EC41A1003E4726 /* ContactInstance.m in Sources */ = {isa = PBXBuildFile; fileRef = 532FE35E22EC41A1003E4726 /* ContactInstance.m */; };
		5332745A22ED42F200BB643D /* ContactBusiness.m in Sources */ = {isa = PBXBuildFile; fileRef = 5332745922ED42F200BB643D /* ContactBusiness.m */; };
		5332745D22ED435E00BB643D /* ContactWithStatus.m in Sources */ = {isa = PBXBuildFile; fileRef = 5332745C22ED435E00BB643D /* ContactWithStatus.m */; };
		C2E129D422EAFCC30021186A /* IconCollectionViewCell.m in Sources */ = {isa = PBXBuildFile; fileRef = C2E129D322EAFCC30021186A /* IconCollectionViewCell.m */; };
		C2EA45C122E559F900236887 /* AppDelegate.m in Sources */ = {isa = PBXBuildFile; fileRef = C2EA45C022E559F900236887 /* AppDelegate.m */; };
		C2EA45C422E559F900236887 /* ContactListViewController.m in Sources */ = {isa = PBXBuildFile; fileRef = C2EA45C322E559F900236887 /* ContactListViewController.m */; };
		C2EA45C722E559F900236887 /* Main.storyboard in Resources */ = {isa = PBXBuildFile; fileRef = C2EA45C522E559F900236887 /* Main.storyboard */; };
		C2EA45C922E559FA00236887 /* Assets.xcassets in Resources */ = {isa = PBXBuildFile; fileRef = C2EA45C822E559FA00236887 /* Assets.xcassets */; };
		C2EA45CC22E559FA00236887 /* LaunchScreen.storyboard in Resources */ = {isa = PBXBuildFile; fileRef = C2EA45CA22E559FA00236887 /* LaunchScreen.storyboard */; };
		C2EA45CF22E559FA00236887 /* main.m in Sources */ = {isa = PBXBuildFile; fileRef = C2EA45CE22E559FA00236887 /* main.m */; };
		C2EA45D922E559FA00236887 /* ContactFriendMakingTests.m in Sources */ = {isa = PBXBuildFile; fileRef = C2EA45D822E559FA00236887 /* ContactFriendMakingTests.m */; };
		C2EA45EA22E56C7600236887 /* ContactTableViewCell.m in Sources */ = {isa = PBXBuildFile; fileRef = C2EA45E922E56C7600236887 /* ContactTableViewCell.m */; };
		C2FB480122E7F4A200224AEF /* MutableContactList.m in Sources */ = {isa = PBXBuildFile; fileRef = C2FB480022E7F4A200224AEF /* MutableContactList.m */; };
		C2FE2CE322F28D07007A8879 /* CNContactGetter.m in Sources */ = {isa = PBXBuildFile; fileRef = C2FE2CE222F28D07007A8879 /* CNContactGetter.m */; };
		C2FE2CE722F28D12007A8879 /* ABAddressBookGetter.m in Sources */ = {isa = PBXBuildFile; fileRef = C2FE2CE622F28D12007A8879 /* ABAddressBookGetter.m */; };
		C2FE2CEA22F28D1F007A8879 /* contactAdapter.m in Sources */ = {isa = PBXBuildFile; fileRef = C2FE2CE922F28D1F007A8879 /* contactAdapter.m */; };
		C2FF5B5C22EEB437003068C9 /* ContactUtility.m in Sources */ = {isa = PBXBuildFile; fileRef = C2FF5B5B22EEB437003068C9 /* ContactUtility.m */; };
/* End PBXBuildFile section */

/* Begin PBXContainerItemProxy section */
		C2EA45D522E559FA00236887 /* PBXContainerItemProxy */ = {
			isa = PBXContainerItemProxy;
			containerPortal = C2EA45B422E559F900236887 /* Project object */;
			proxyType = 1;
			remoteGlobalIDString = C2EA45BB22E559F900236887;
			remoteInfo = ContactFriendMaking;
		};
/* End PBXContainerItemProxy section */

/* Begin PBXFileReference section */
		532FE35D22EC4189003E4726 /* ContactInstance.h */ = {isa = PBXFileReference; lastKnownFileType = sourcecode.c.h; path = ContactInstance.h; sourceTree = "<group>"; };
		532FE35E22EC41A1003E4726 /* ContactInstance.m */ = {isa = PBXFileReference; lastKnownFileType = sourcecode.c.objc; path = ContactInstance.m; sourceTree = "<group>"; };
		532FE36022EC4EC8003E4726 /* PermissionStatus.h */ = {isa = PBXFileReference; lastKnownFileType = sourcecode.c.h; path = PermissionStatus.h; sourceTree = "<group>"; };
		5332745822ED42E000BB643D /* ContactBusiness.h */ = {isa = PBXFileReference; lastKnownFileType = sourcecode.c.h; path = ContactBusiness.h; sourceTree = "<group>"; };
		5332745922ED42F200BB643D /* ContactBusiness.m */ = {isa = PBXFileReference; lastKnownFileType = sourcecode.c.objc; path = ContactBusiness.m; sourceTree = "<group>"; };
		5332745B22ED435000BB643D /* ContactWithStatus.h */ = {isa = PBXFileReference; lastKnownFileType = sourcecode.c.h; path = ContactWithStatus.h; sourceTree = "<group>"; };
		5332745C22ED435E00BB643D /* ContactWithStatus.m */ = {isa = PBXFileReference; lastKnownFileType = sourcecode.c.objc; path = ContactWithStatus.m; sourceTree = "<group>"; };
		C2E129D222EAFCC30021186A /* IconCollectionViewCell.h */ = {isa = PBXFileReference; lastKnownFileType = sourcecode.c.h; path = IconCollectionViewCell.h; sourceTree = "<group>"; };
		C2E129D322EAFCC30021186A /* IconCollectionViewCell.m */ = {isa = PBXFileReference; lastKnownFileType = sourcecode.c.objc; path = IconCollectionViewCell.m; sourceTree = "<group>"; };
		C2EA45BC22E559F900236887 /* ContactFriendMaking.app */ = {isa = PBXFileReference; explicitFileType = wrapper.application; includeInIndex = 0; path = ContactFriendMaking.app; sourceTree = BUILT_PRODUCTS_DIR; };
		C2EA45BF22E559F900236887 /* AppDelegate.h */ = {isa = PBXFileReference; lastKnownFileType = sourcecode.c.h; path = AppDelegate.h; sourceTree = "<group>"; };
		C2EA45C022E559F900236887 /* AppDelegate.m */ = {isa = PBXFileReference; lastKnownFileType = sourcecode.c.objc; path = AppDelegate.m; sourceTree = "<group>"; };
		C2EA45C222E559F900236887 /* ContactListViewController.h */ = {isa = PBXFileReference; lastKnownFileType = sourcecode.c.h; path = ContactListViewController.h; sourceTree = "<group>"; };
		C2EA45C322E559F900236887 /* ContactListViewController.m */ = {isa = PBXFileReference; lastKnownFileType = sourcecode.c.objc; path = ContactListViewController.m; sourceTree = "<group>"; };
		C2EA45C622E559F900236887 /* Base */ = {isa = PBXFileReference; lastKnownFileType = file.storyboard; name = Base; path = Base.lproj/Main.storyboard; sourceTree = "<group>"; };
		C2EA45C822E559FA00236887 /* Assets.xcassets */ = {isa = PBXFileReference; lastKnownFileType = folder.assetcatalog; path = Assets.xcassets; sourceTree = "<group>"; };
		C2EA45CB22E559FA00236887 /* Base */ = {isa = PBXFileReference; lastKnownFileType = file.storyboard; name = Base; path = Base.lproj/LaunchScreen.storyboard; sourceTree = "<group>"; };
		C2EA45CD22E559FA00236887 /* Info.plist */ = {isa = PBXFileReference; lastKnownFileType = text.plist.xml; path = Info.plist; sourceTree = "<group>"; };
		C2EA45CE22E559FA00236887 /* main.m */ = {isa = PBXFileReference; lastKnownFileType = sourcecode.c.objc; path = main.m; sourceTree = "<group>"; };
		C2EA45D422E559FA00236887 /* ContactFriendMakingTests.xctest */ = {isa = PBXFileReference; explicitFileType = wrapper.cfbundle; includeInIndex = 0; path = ContactFriendMakingTests.xctest; sourceTree = BUILT_PRODUCTS_DIR; };
		C2EA45D822E559FA00236887 /* ContactFriendMakingTests.m */ = {isa = PBXFileReference; lastKnownFileType = sourcecode.c.objc; path = ContactFriendMakingTests.m; sourceTree = "<group>"; };
		C2EA45DA22E559FA00236887 /* Info.plist */ = {isa = PBXFileReference; lastKnownFileType = text.plist.xml; path = Info.plist; sourceTree = "<group>"; };
		C2EA45E822E56C7600236887 /* ContactTableViewCell.h */ = {isa = PBXFileReference; lastKnownFileType = sourcecode.c.h; path = ContactTableViewCell.h; sourceTree = "<group>"; };
		C2EA45E922E56C7600236887 /* ContactTableViewCell.m */ = {isa = PBXFileReference; lastKnownFileType = sourcecode.c.objc; path = ContactTableViewCell.m; sourceTree = "<group>"; };
		C2EF658F22F2D960006F64C0 /* contactAccessProtocol.h */ = {isa = PBXFileReference; lastKnownFileType = sourcecode.c.h; path = contactAccessProtocol.h; sourceTree = "<group>"; };
		C2FB47FF22E7F49100224AEF /* MutableContactList.h */ = {isa = PBXFileReference; lastKnownFileType = sourcecode.c.h; path = MutableContactList.h; sourceTree = "<group>"; };
		C2FB480022E7F4A200224AEF /* MutableContactList.m */ = {isa = PBXFileReference; lastKnownFileType = sourcecode.c.objc; path = MutableContactList.m; sourceTree = "<group>"; };
		C2FE2CE122F28D07007A8879 /* CNContactGetter.h */ = {isa = PBXFileReference; fileEncoding = 4; lastKnownFileType = sourcecode.c.h; path = CNContactGetter.h; sourceTree = "<group>"; };
		C2FE2CE222F28D07007A8879 /* CNContactGetter.m */ = {isa = PBXFileReference; fileEncoding = 4; lastKnownFileType = sourcecode.c.objc; path = CNContactGetter.m; sourceTree = "<group>"; };
		C2FE2CE522F28D12007A8879 /* ABAddressBookGetter.h */ = {isa = PBXFileReference; fileEncoding = 4; lastKnownFileType = sourcecode.c.h; path = ABAddressBookGetter.h; sourceTree = "<group>"; };
		C2FE2CE622F28D12007A8879 /* ABAddressBookGetter.m */ = {isa = PBXFileReference; fileEncoding = 4; lastKnownFileType = sourcecode.c.objc; path = ABAddressBookGetter.m; sourceTree = "<group>"; };
		C2FE2CE822F28D1E007A8879 /* contactAdapter.h */ = {isa = PBXFileReference; fileEncoding = 4; lastKnownFileType = sourcecode.c.h; path = contactAdapter.h; sourceTree = "<group>"; };
		C2FE2CE922F28D1F007A8879 /* contactAdapter.m */ = {isa = PBXFileReference; fileEncoding = 4; lastKnownFileType = sourcecode.c.objc; path = contactAdapter.m; sourceTree = "<group>"; };
		C2FF5B5922EE9BA1003068C9 /* StatusApplied.h */ = {isa = PBXFileReference; lastKnownFileType = sourcecode.c.h; path = StatusApplied.h; sourceTree = "<group>"; };
		C2FF5B5A22EEB422003068C9 /* ContactUtility.h */ = {isa = PBXFileReference; lastKnownFileType = sourcecode.c.h; path = ContactUtility.h; sourceTree = "<group>"; };
		C2FF5B5B22EEB437003068C9 /* ContactUtility.m */ = {isa = PBXFileReference; lastKnownFileType = sourcecode.c.objc; path = ContactUtility.m; sourceTree = "<group>"; };
/* End PBXFileReference section */

/* Begin PBXFrameworksBuildPhase section */
		C2EA45B922E559F900236887 /* Frameworks */ = {
			isa = PBXFrameworksBuildPhase;
			buildActionMask = 2147483647;
			files = (
			);
			runOnlyForDeploymentPostprocessing = 0;
		};
		C2EA45D122E559FA00236887 /* Frameworks */ = {
			isa = PBXFrameworksBuildPhase;
			buildActionMask = 2147483647;
			files = (
			);
			runOnlyForDeploymentPostprocessing = 0;
		};
/* End PBXFrameworksBuildPhase section */

/* Begin PBXGroup section */
		532FE35A22EC4021003E4726 /* UserInterface */ = {
			isa = PBXGroup;
			children = (
				C2EA45C222E559F900236887 /* ContactListViewController.h */,
				C2EA45C322E559F900236887 /* ContactListViewController.m */,
				C2EA45E822E56C7600236887 /* ContactTableViewCell.h */,
				C2EA45E922E56C7600236887 /* ContactTableViewCell.m */,
				C2E129D222EAFCC30021186A /* IconCollectionViewCell.h */,
				C2E129D322EAFCC30021186A /* IconCollectionViewCell.m */,
				C2EA45C522E559F900236887 /* Main.storyboard */,
				C2EA45C822E559FA00236887 /* Assets.xcassets */,
				C2EA45CA22E559FA00236887 /* LaunchScreen.storyboard */,
			);
			path = UserInterface;
			sourceTree = "<group>";
		};
		532FE35B22EC4044003E4726 /* Business */ = {
			isa = PBXGroup;
			children = (
				5332745822ED42E000BB643D /* ContactBusiness.h */,
				5332745922ED42F200BB643D /* ContactBusiness.m */,
				5332745B22ED435000BB643D /* ContactWithStatus.h */,
				5332745C22ED435E00BB643D /* ContactWithStatus.m */,
				C2FF5B5922EE9BA1003068C9 /* StatusApplied.h */,
				C2FF5B5A22EEB422003068C9 /* ContactUtility.h */,
				C2FF5B5B22EEB437003068C9 /* ContactUtility.m */,
			);
			path = Business;
			sourceTree = "<group>";
		};
		532FE35C22EC405C003E4726 /* DataAccess */ = {
			isa = PBXGroup;
			children = (
				C2FE2CE822F28D1E007A8879 /* contactAdapter.h */,
				C2FE2CE922F28D1F007A8879 /* contactAdapter.m */,
				C2FB47FF22E7F49100224AEF /* MutableContactList.h */,
				C2FB480022E7F4A200224AEF /* MutableContactList.m */,
				532FE35D22EC4189003E4726 /* ContactInstance.h */,
				532FE35E22EC41A1003E4726 /* ContactInstance.m */,
				532FE36022EC4EC8003E4726 /* PermissionStatus.h */,
				C2EF658F22F2D960006F64C0 /* contactAccessProtocol.h */,
			);
			path = DataAccess;
			sourceTree = "<group>";
		};
		C2EA45B322E559F900236887 = {
			isa = PBXGroup;
			children = (
				C2EA45BE22E559F900236887 /* ContactFriendMaking */,
				C2EA45D722E559FA00236887 /* ContactFriendMakingTests */,
				C2EA45BD22E559F900236887 /* Products */,
			);
			sourceTree = "<group>";
		};
		C2EA45BD22E559F900236887 /* Products */ = {
			isa = PBXGroup;
			children = (
				C2EA45BC22E559F900236887 /* ContactFriendMaking.app */,
				C2EA45D422E559FA00236887 /* ContactFriendMakingTests.xctest */,
			);
			name = Products;
			sourceTree = "<group>";
		};
		C2EA45BE22E559F900236887 /* ContactFriendMaking */ = {
			isa = PBXGroup;
			children = (
				C2FE2CE422F28D12007A8879 /* ABAddressBookComponent */,
				C2FE2CE022F28D07007A8879 /* CNContactComponent */,
				532FE35C22EC405C003E4726 /* DataAccess */,
				532FE35B22EC4044003E4726 /* Business */,
				532FE35A22EC4021003E4726 /* UserInterface */,
				C2EA45BF22E559F900236887 /* AppDelegate.h */,
				C2EA45C022E559F900236887 /* AppDelegate.m */,
				C2EA45CD22E559FA00236887 /* Info.plist */,
				C2EA45CE22E559FA00236887 /* main.m */,
			);
			path = ContactFriendMaking;
			sourceTree = "<group>";
		};
		C2EA45D722E559FA00236887 /* ContactFriendMakingTests */ = {
			isa = PBXGroup;
			children = (
				C2EA45D822E559FA00236887 /* ContactFriendMakingTests.m */,
				C2EA45DA22E559FA00236887 /* Info.plist */,
			);
			path = ContactFriendMakingTests;
			sourceTree = "<group>";
		};
		C2FE2CE022F28D07007A8879 /* CNContactComponent */ = {
			isa = PBXGroup;
			children = (
				C2FE2CE122F28D07007A8879 /* CNContactGetter.h */,
				C2FE2CE222F28D07007A8879 /* CNContactGetter.m */,
			);
			path = CNContactComponent;
			sourceTree = "<group>";
		};
		C2FE2CE422F28D12007A8879 /* ABAddressBookComponent */ = {
			isa = PBXGroup;
			children = (
				C2FE2CE522F28D12007A8879 /* ABAddressBookGetter.h */,
				C2FE2CE622F28D12007A8879 /* ABAddressBookGetter.m */,
			);
			path = ABAddressBookComponent;
			sourceTree = "<group>";
		};
/* End PBXGroup section */

/* Begin PBXNativeTarget section */
		C2EA45BB22E559F900236887 /* ContactFriendMaking */ = {
			isa = PBXNativeTarget;
			buildConfigurationList = C2EA45DD22E559FA00236887 /* Build configuration list for PBXNativeTarget "ContactFriendMaking" */;
			buildPhases = (
				C2EA45B822E559F900236887 /* Sources */,
				C2EA45B922E559F900236887 /* Frameworks */,
				C2EA45BA22E559F900236887 /* Resources */,
			);
			buildRules = (
			);
			dependencies = (
			);
			name = ContactFriendMaking;
			productName = ContactFriendMaking;
			productReference = C2EA45BC22E559F900236887 /* ContactFriendMaking.app */;
			productType = "com.apple.product-type.application";
		};
		C2EA45D322E559FA00236887 /* ContactFriendMakingTests */ = {
			isa = PBXNativeTarget;
			buildConfigurationList = C2EA45E022E559FA00236887 /* Build configuration list for PBXNativeTarget "ContactFriendMakingTests" */;
			buildPhases = (
				C2EA45D022E559FA00236887 /* Sources */,
				C2EA45D122E559FA00236887 /* Frameworks */,
				C2EA45D222E559FA00236887 /* Resources */,
			);
			buildRules = (
			);
			dependencies = (
				C2EA45D622E559FA00236887 /* PBXTargetDependency */,
			);
			name = ContactFriendMakingTests;
			productName = ContactFriendMakingTests;
			productReference = C2EA45D422E559FA00236887 /* ContactFriendMakingTests.xctest */;
			productType = "com.apple.product-type.bundle.unit-test";
		};
/* End PBXNativeTarget section */

/* Begin PBXProject section */
		C2EA45B422E559F900236887 /* Project object */ = {
			isa = PBXProject;
			attributes = {
				LastUpgradeCheck = 1020;
				ORGANIZATIONNAME = CPU11899;
				TargetAttributes = {
					C2EA45BB22E559F900236887 = {
						CreatedOnToolsVersion = 10.2.1;
					};
					C2EA45D322E559FA00236887 = {
						CreatedOnToolsVersion = 10.2.1;
						TestTargetID = C2EA45BB22E559F900236887;
					};
				};
			};
			buildConfigurationList = C2EA45B722E559F900236887 /* Build configuration list for PBXProject "ContactFriendMaking" */;
			compatibilityVersion = "Xcode 9.3";
			developmentRegion = en;
			hasScannedForEncodings = 0;
			knownRegions = (
				en,
				Base,
			);
			mainGroup = C2EA45B322E559F900236887;
			productRefGroup = C2EA45BD22E559F900236887 /* Products */;
			projectDirPath = "";
			projectRoot = "";
			targets = (
				C2EA45BB22E559F900236887 /* ContactFriendMaking */,
				C2EA45D322E559FA00236887 /* ContactFriendMakingTests */,
			);
		};
/* End PBXProject section */

/* Begin PBXResourcesBuildPhase section */
		C2EA45BA22E559F900236887 /* Resources */ = {
			isa = PBXResourcesBuildPhase;
			buildActionMask = 2147483647;
			files = (
				C2EA45CC22E559FA00236887 /* LaunchScreen.storyboard in Resources */,
				C2EA45C922E559FA00236887 /* Assets.xcassets in Resources */,
				C2EA45C722E559F900236887 /* Main.storyboard in Resources */,
			);
			runOnlyForDeploymentPostprocessing = 0;
		};
		C2EA45D222E559FA00236887 /* Resources */ = {
			isa = PBXResourcesBuildPhase;
			buildActionMask = 2147483647;
			files = (
			);
			runOnlyForDeploymentPostprocessing = 0;
		};
/* End PBXResourcesBuildPhase section */

/* Begin PBXSourcesBuildPhase section */
		C2EA45B822E559F900236887 /* Sources */ = {
			isa = PBXSourcesBuildPhase;
			buildActionMask = 2147483647;
			files = (
				5332745A22ED42F200BB643D /* ContactBusiness.m in Sources */,
				C2E129D422EAFCC30021186A /* IconCollectionViewCell.m in Sources */,
				C2FE2CEA22F28D1F007A8879 /* contactAdapter.m in Sources */,
				C2FB480122E7F4A200224AEF /* MutableContactList.m in Sources */,
				C2FF5B5C22EEB437003068C9 /* ContactUtility.m in Sources */,
				C2FE2CE322F28D07007A8879 /* CNContactGetter.m in Sources */,
				C2EA45C422E559F900236887 /* ContactListViewController.m in Sources */,
				C2EA45CF22E559FA00236887 /* main.m in Sources */,
				5332745D22ED435E00BB643D /* ContactWithStatus.m in Sources */,
				C2EA45EA22E56C7600236887 /* ContactTableViewCell.m in Sources */,
				532FE35F22EC41A1003E4726 /* ContactInstance.m in Sources */,
				C2EA45C122E559F900236887 /* AppDelegate.m in Sources */,
				C2FE2CE722F28D12007A8879 /* ABAddressBookGetter.m in Sources */,
			);
			runOnlyForDeploymentPostprocessing = 0;
		};
		C2EA45D022E559FA00236887 /* Sources */ = {
			isa = PBXSourcesBuildPhase;
			buildActionMask = 2147483647;
			files = (
				C2EA45D922E559FA00236887 /* ContactFriendMakingTests.m in Sources */,
			);
			runOnlyForDeploymentPostprocessing = 0;
		};
/* End PBXSourcesBuildPhase section */

/* Begin PBXTargetDependency section */
		C2EA45D622E559FA00236887 /* PBXTargetDependency */ = {
			isa = PBXTargetDependency;
			target = C2EA45BB22E559F900236887 /* ContactFriendMaking */;
			targetProxy = C2EA45D522E559FA00236887 /* PBXContainerItemProxy */;
		};
/* End PBXTargetDependency section */

/* Begin PBXVariantGroup section */
		C2EA45C522E559F900236887 /* Main.storyboard */ = {
			isa = PBXVariantGroup;
			children = (
				C2EA45C622E559F900236887 /* Base */,
			);
			name = Main.storyboard;
			sourceTree = "<group>";
		};
		C2EA45CA22E559FA00236887 /* LaunchScreen.storyboard */ = {
			isa = PBXVariantGroup;
			children = (
				C2EA45CB22E559FA00236887 /* Base */,
			);
			name = LaunchScreen.storyboard;
			sourceTree = "<group>";
		};
/* End PBXVariantGroup section */

/* Begin XCBuildConfiguration section */
		C2EA45DB22E559FA00236887 /* Debug */ = {
			isa = XCBuildConfiguration;
			buildSettings = {
				ALWAYS_SEARCH_USER_PATHS = NO;
				CLANG_ANALYZER_NONNULL = YES;
				CLANG_ANALYZER_NUMBER_OBJECT_CONVERSION = YES_AGGRESSIVE;
				CLANG_CXX_LANGUAGE_STANDARD = "gnu++14";
				CLANG_CXX_LIBRARY = "libc++";
				CLANG_ENABLE_MODULES = YES;
				CLANG_ENABLE_OBJC_ARC = YES;
				CLANG_ENABLE_OBJC_WEAK = YES;
				CLANG_WARN_BLOCK_CAPTURE_AUTORELEASING = YES;
				CLANG_WARN_BOOL_CONVERSION = YES;
				CLANG_WARN_COMMA = YES;
				CLANG_WARN_CONSTANT_CONVERSION = YES;
				CLANG_WARN_DEPRECATED_OBJC_IMPLEMENTATIONS = YES;
				CLANG_WARN_DIRECT_OBJC_ISA_USAGE = YES_ERROR;
				CLANG_WARN_DOCUMENTATION_COMMENTS = YES;
				CLANG_WARN_EMPTY_BODY = YES;
				CLANG_WARN_ENUM_CONVERSION = YES;
				CLANG_WARN_INFINITE_RECURSION = YES;
				CLANG_WARN_INT_CONVERSION = YES;
				CLANG_WARN_NON_LITERAL_NULL_CONVERSION = YES;
				CLANG_WARN_OBJC_IMPLICIT_RETAIN_SELF = YES;
				CLANG_WARN_OBJC_LITERAL_CONVERSION = YES;
				CLANG_WARN_OBJC_ROOT_CLASS = YES_ERROR;
				CLANG_WARN_RANGE_LOOP_ANALYSIS = YES;
				CLANG_WARN_STRICT_PROTOTYPES = YES;
				CLANG_WARN_SUSPICIOUS_MOVE = YES;
				CLANG_WARN_UNGUARDED_AVAILABILITY = YES_AGGRESSIVE;
				CLANG_WARN_UNREACHABLE_CODE = YES;
				CLANG_WARN__DUPLICATE_METHOD_MATCH = YES;
				CODE_SIGN_IDENTITY = "iPhone Developer";
				COPY_PHASE_STRIP = NO;
				DEBUG_INFORMATION_FORMAT = dwarf;
				ENABLE_STRICT_OBJC_MSGSEND = YES;
				ENABLE_TESTABILITY = YES;
				GCC_C_LANGUAGE_STANDARD = gnu11;
				GCC_DYNAMIC_NO_PIC = NO;
				GCC_NO_COMMON_BLOCKS = YES;
				GCC_OPTIMIZATION_LEVEL = 0;
				GCC_PREPROCESSOR_DEFINITIONS = (
					"DEBUG=1",
					"$(inherited)",
				);
				GCC_WARN_64_TO_32_BIT_CONVERSION = YES;
				GCC_WARN_ABOUT_RETURN_TYPE = YES_ERROR;
				GCC_WARN_UNDECLARED_SELECTOR = YES;
				GCC_WARN_UNINITIALIZED_AUTOS = YES_AGGRESSIVE;
				GCC_WARN_UNUSED_FUNCTION = YES;
				GCC_WARN_UNUSED_VARIABLE = YES;
				IPHONEOS_DEPLOYMENT_TARGET = 12.2;
				MTL_ENABLE_DEBUG_INFO = INCLUDE_SOURCE;
				MTL_FAST_MATH = YES;
				ONLY_ACTIVE_ARCH = YES;
				SDKROOT = iphoneos;
			};
			name = Debug;
		};
		C2EA45DC22E559FA00236887 /* Release */ = {
			isa = XCBuildConfiguration;
			buildSettings = {
				ALWAYS_SEARCH_USER_PATHS = NO;
				CLANG_ANALYZER_NONNULL = YES;
				CLANG_ANALYZER_NUMBER_OBJECT_CONVERSION = YES_AGGRESSIVE;
				CLANG_CXX_LANGUAGE_STANDARD = "gnu++14";
				CLANG_CXX_LIBRARY = "libc++";
				CLANG_ENABLE_MODULES = YES;
				CLANG_ENABLE_OBJC_ARC = YES;
				CLANG_ENABLE_OBJC_WEAK = YES;
				CLANG_WARN_BLOCK_CAPTURE_AUTORELEASING = YES;
				CLANG_WARN_BOOL_CONVERSION = YES;
				CLANG_WARN_COMMA = YES;
				CLANG_WARN_CONSTANT_CONVERSION = YES;
				CLANG_WARN_DEPRECATED_OBJC_IMPLEMENTATIONS = YES;
				CLANG_WARN_DIRECT_OBJC_ISA_USAGE = YES_ERROR;
				CLANG_WARN_DOCUMENTATION_COMMENTS = YES;
				CLANG_WARN_EMPTY_BODY = YES;
				CLANG_WARN_ENUM_CONVERSION = YES;
				CLANG_WARN_INFINITE_RECURSION = YES;
				CLANG_WARN_INT_CONVERSION = YES;
				CLANG_WARN_NON_LITERAL_NULL_CONVERSION = YES;
				CLANG_WARN_OBJC_IMPLICIT_RETAIN_SELF = YES;
				CLANG_WARN_OBJC_LITERAL_CONVERSION = YES;
				CLANG_WARN_OBJC_ROOT_CLASS = YES_ERROR;
				CLANG_WARN_RANGE_LOOP_ANALYSIS = YES;
				CLANG_WARN_STRICT_PROTOTYPES = YES;
				CLANG_WARN_SUSPICIOUS_MOVE = YES;
				CLANG_WARN_UNGUARDED_AVAILABILITY = YES_AGGRESSIVE;
				CLANG_WARN_UNREACHABLE_CODE = YES;
				CLANG_WARN__DUPLICATE_METHOD_MATCH = YES;
				CODE_SIGN_IDENTITY = "iPhone Developer";
				COPY_PHASE_STRIP = NO;
				DEBUG_INFORMATION_FORMAT = "dwarf-with-dsym";
				ENABLE_NS_ASSERTIONS = NO;
				ENABLE_STRICT_OBJC_MSGSEND = YES;
				GCC_C_LANGUAGE_STANDARD = gnu11;
				GCC_NO_COMMON_BLOCKS = YES;
				GCC_WARN_64_TO_32_BIT_CONVERSION = YES;
				GCC_WARN_ABOUT_RETURN_TYPE = YES_ERROR;
				GCC_WARN_UNDECLARED_SELECTOR = YES;
				GCC_WARN_UNINITIALIZED_AUTOS = YES_AGGRESSIVE;
				GCC_WARN_UNUSED_FUNCTION = YES;
				GCC_WARN_UNUSED_VARIABLE = YES;
				IPHONEOS_DEPLOYMENT_TARGET = 12.2;
				MTL_ENABLE_DEBUG_INFO = NO;
				MTL_FAST_MATH = YES;
				SDKROOT = iphoneos;
				VALIDATE_PRODUCT = YES;
			};
			name = Release;
		};
		C2EA45DE22E559FA00236887 /* Debug */ = {
			isa = XCBuildConfiguration;
			buildSettings = {
				ASSETCATALOG_COMPILER_APPICON_NAME = AppIcon;
				CODE_SIGN_STYLE = Automatic;
				INFOPLIST_FILE = ContactFriendMaking/Info.plist;
				LD_RUNPATH_SEARCH_PATHS = (
					"$(inherited)",
					"@executable_path/Frameworks",
				);
				PRODUCT_BUNDLE_IDENTIFIER = VNG.ContactFriendMaking;
				PRODUCT_NAME = "$(TARGET_NAME)";
				TARGETED_DEVICE_FAMILY = "1,2";
			};
			name = Debug;
		};
		C2EA45DF22E559FA00236887 /* Release */ = {
			isa = XCBuildConfiguration;
			buildSettings = {
				ASSETCATALOG_COMPILER_APPICON_NAME = AppIcon;
				CODE_SIGN_STYLE = Automatic;
				INFOPLIST_FILE = ContactFriendMaking/Info.plist;
				LD_RUNPATH_SEARCH_PATHS = (
					"$(inherited)",
					"@executable_path/Frameworks",
				);
				PRODUCT_BUNDLE_IDENTIFIER = VNG.ContactFriendMaking;
				PRODUCT_NAME = "$(TARGET_NAME)";
				TARGETED_DEVICE_FAMILY = "1,2";
			};
			name = Release;
		};
		C2EA45E122E559FA00236887 /* Debug */ = {
			isa = XCBuildConfiguration;
			buildSettings = {
				BUNDLE_LOADER = "$(TEST_HOST)";
				CODE_SIGN_STYLE = Automatic;
				INFOPLIST_FILE = ContactFriendMakingTests/Info.plist;
				LD_RUNPATH_SEARCH_PATHS = (
					"$(inherited)",
					"@executable_path/Frameworks",
					"@loader_path/Frameworks",
				);
				PRODUCT_BUNDLE_IDENTIFIER = VNG.ContactFriendMakingTests;
				PRODUCT_NAME = "$(TARGET_NAME)";
				TARGETED_DEVICE_FAMILY = "1,2";
				TEST_HOST = "$(BUILT_PRODUCTS_DIR)/ContactFriendMaking.app/ContactFriendMaking";
			};
			name = Debug;
		};
		C2EA45E222E559FA00236887 /* Release */ = {
			isa = XCBuildConfiguration;
			buildSettings = {
				BUNDLE_LOADER = "$(TEST_HOST)";
				CODE_SIGN_STYLE = Automatic;
				INFOPLIST_FILE = ContactFriendMakingTests/Info.plist;
				LD_RUNPATH_SEARCH_PATHS = (
					"$(inherited)",
					"@executable_path/Frameworks",
					"@loader_path/Frameworks",
				);
				PRODUCT_BUNDLE_IDENTIFIER = VNG.ContactFriendMakingTests;
				PRODUCT_NAME = "$(TARGET_NAME)";
				TARGETED_DEVICE_FAMILY = "1,2";
				TEST_HOST = "$(BUILT_PRODUCTS_DIR)/ContactFriendMaking.app/ContactFriendMaking";
			};
			name = Release;
		};
/* End XCBuildConfiguration section */

/* Begin XCConfigurationList section */
		C2EA45B722E559F900236887 /* Build configuration list for PBXProject "ContactFriendMaking" */ = {
			isa = XCConfigurationList;
			buildConfigurations = (
				C2EA45DB22E559FA00236887 /* Debug */,
				C2EA45DC22E559FA00236887 /* Release */,
			);
			defaultConfigurationIsVisible = 0;
			defaultConfigurationName = Release;
		};
		C2EA45DD22E559FA00236887 /* Build configuration list for PBXNativeTarget "ContactFriendMaking" */ = {
			isa = XCConfigurationList;
			buildConfigurations = (
				C2EA45DE22E559FA00236887 /* Debug */,
				C2EA45DF22E559FA00236887 /* Release */,
			);
			defaultConfigurationIsVisible = 0;
			defaultConfigurationName = Release;
		};
		C2EA45E022E559FA00236887 /* Build configuration list for PBXNativeTarget "ContactFriendMakingTests" */ = {
			isa = XCConfigurationList;
			buildConfigurations = (
				C2EA45E122E559FA00236887 /* Debug */,
				C2EA45E222E559FA00236887 /* Release */,
			);
			defaultConfigurationIsVisible = 0;
			defaultConfigurationName = Release;
		};
/* End XCConfigurationList section */
	};
	rootObject = C2EA45B422E559F900236887 /* Project object */;
}
